# THIS IS AN AUTOGENERATED FILE. DO NOT EDIT THIS FILE DIRECTLY.
# yarn lockfile v1


"@esbuild/aix-ppc64@0.21.5":
  version "0.21.5"
  resolved "https://registry.yarnpkg.com/@esbuild/aix-ppc64/-/aix-ppc64-0.21.5.tgz#c7184a326533fcdf1b8ee0733e21c713b975575f"
  integrity sha512-1SDgH6ZSPTlggy1yI6+Dbkiz8xzpHJEVAlF/AM1tHPLsf5STom9rwtjE4hKAF20FfXXNTFqEYXyJNWh1GiZedQ==

"@esbuild/android-arm64@0.21.5":
  version "0.21.5"
  resolved "https://registry.yarnpkg.com/@esbuild/android-arm64/-/android-arm64-0.21.5.tgz#09d9b4357780da9ea3a7dfb833a1f1ff439b4052"
  integrity sha512-c0uX9VAUBQ7dTDCjq+wdyGLowMdtR/GoC2U5IYk/7D1H1JYC0qseD7+11iMP2mRLN9RcCMRcjC4YMclCzGwS/A==

"@esbuild/android-arm@0.21.5":
  version "0.21.5"
  resolved "https://registry.yarnpkg.com/@esbuild/android-arm/-/android-arm-0.21.5.tgz#9b04384fb771926dfa6d7ad04324ecb2ab9b2e28"
  integrity sha512-vCPvzSjpPHEi1siZdlvAlsPxXl7WbOVUBBAowWug4rJHb68Ox8KualB+1ocNvT5fjv6wpkX6o/iEpbDrf68zcg==

"@esbuild/android-x64@0.21.5":
  version "0.21.5"
  resolved "https://registry.yarnpkg.com/@esbuild/android-x64/-/android-x64-0.21.5.tgz#29918ec2db754cedcb6c1b04de8cd6547af6461e"
  integrity sha512-D7aPRUUNHRBwHxzxRvp856rjUHRFW1SdQATKXH2hqA0kAZb1hKmi02OpYRacl0TxIGz/ZmXWlbZgjwWYaCakTA==

"@esbuild/darwin-arm64@0.21.5":
  version "0.21.5"
  resolved "https://registry.yarnpkg.com/@esbuild/darwin-arm64/-/darwin-arm64-0.21.5.tgz#e495b539660e51690f3928af50a76fb0a6ccff2a"
  integrity sha512-DwqXqZyuk5AiWWf3UfLiRDJ5EDd49zg6O9wclZ7kUMv2WRFr4HKjXp/5t8JZ11QbQfUS6/cRCKGwYhtNAY88kQ==

"@esbuild/darwin-x64@0.21.5":
  version "0.21.5"
  resolved "https://registry.yarnpkg.com/@esbuild/darwin-x64/-/darwin-x64-0.21.5.tgz#c13838fa57372839abdddc91d71542ceea2e1e22"
  integrity sha512-se/JjF8NlmKVG4kNIuyWMV/22ZaerB+qaSi5MdrXtd6R08kvs2qCN4C09miupktDitvh8jRFflwGFBQcxZRjbw==

"@esbuild/freebsd-arm64@0.21.5":
  version "0.21.5"
  resolved "https://registry.yarnpkg.com/@esbuild/freebsd-arm64/-/freebsd-arm64-0.21.5.tgz#646b989aa20bf89fd071dd5dbfad69a3542e550e"
  integrity sha512-5JcRxxRDUJLX8JXp/wcBCy3pENnCgBR9bN6JsY4OmhfUtIHe3ZW0mawA7+RDAcMLrMIZaf03NlQiX9DGyB8h4g==

"@esbuild/freebsd-x64@0.21.5":
  version "0.21.5"
  resolved "https://registry.yarnpkg.com/@esbuild/freebsd-x64/-/freebsd-x64-0.21.5.tgz#aa615cfc80af954d3458906e38ca22c18cf5c261"
  integrity sha512-J95kNBj1zkbMXtHVH29bBriQygMXqoVQOQYA+ISs0/2l3T9/kj42ow2mpqerRBxDJnmkUDCaQT/dfNXWX/ZZCQ==

"@esbuild/linux-arm64@0.21.5":
  version "0.21.5"
  resolved "https://registry.yarnpkg.com/@esbuild/linux-arm64/-/linux-arm64-0.21.5.tgz#70ac6fa14f5cb7e1f7f887bcffb680ad09922b5b"
  integrity sha512-ibKvmyYzKsBeX8d8I7MH/TMfWDXBF3db4qM6sy+7re0YXya+K1cem3on9XgdT2EQGMu4hQyZhan7TeQ8XkGp4Q==

"@esbuild/linux-arm@0.21.5":
  version "0.21.5"
  resolved "https://registry.yarnpkg.com/@esbuild/linux-arm/-/linux-arm-0.21.5.tgz#fc6fd11a8aca56c1f6f3894f2bea0479f8f626b9"
  integrity sha512-bPb5AHZtbeNGjCKVZ9UGqGwo8EUu4cLq68E95A53KlxAPRmUyYv2D6F0uUI65XisGOL1hBP5mTronbgo+0bFcA==

"@esbuild/linux-ia32@0.21.5":
  version "0.21.5"
  resolved "https://registry.yarnpkg.com/@esbuild/linux-ia32/-/linux-ia32-0.21.5.tgz#3271f53b3f93e3d093d518d1649d6d68d346ede2"
  integrity sha512-YvjXDqLRqPDl2dvRODYmmhz4rPeVKYvppfGYKSNGdyZkA01046pLWyRKKI3ax8fbJoK5QbxblURkwK/MWY18Tg==

"@esbuild/linux-loong64@0.21.5":
  version "0.21.5"
  resolved "https://registry.yarnpkg.com/@esbuild/linux-loong64/-/linux-loong64-0.21.5.tgz#ed62e04238c57026aea831c5a130b73c0f9f26df"
  integrity sha512-uHf1BmMG8qEvzdrzAqg2SIG/02+4/DHB6a9Kbya0XDvwDEKCoC8ZRWI5JJvNdUjtciBGFQ5PuBlpEOXQj+JQSg==

"@esbuild/linux-mips64el@0.21.5":
  version "0.21.5"
  resolved "https://registry.yarnpkg.com/@esbuild/linux-mips64el/-/linux-mips64el-0.21.5.tgz#e79b8eb48bf3b106fadec1ac8240fb97b4e64cbe"
  integrity sha512-IajOmO+KJK23bj52dFSNCMsz1QP1DqM6cwLUv3W1QwyxkyIWecfafnI555fvSGqEKwjMXVLokcV5ygHW5b3Jbg==

"@esbuild/linux-ppc64@0.21.5":
  version "0.21.5"
  resolved "https://registry.yarnpkg.com/@esbuild/linux-ppc64/-/linux-ppc64-0.21.5.tgz#5f2203860a143b9919d383ef7573521fb154c3e4"
  integrity sha512-1hHV/Z4OEfMwpLO8rp7CvlhBDnjsC3CttJXIhBi+5Aj5r+MBvy4egg7wCbe//hSsT+RvDAG7s81tAvpL2XAE4w==

"@esbuild/linux-riscv64@0.21.5":
  version "0.21.5"
  resolved "https://registry.yarnpkg.com/@esbuild/linux-riscv64/-/linux-riscv64-0.21.5.tgz#07bcafd99322d5af62f618cb9e6a9b7f4bb825dc"
  integrity sha512-2HdXDMd9GMgTGrPWnJzP2ALSokE/0O5HhTUvWIbD3YdjME8JwvSCnNGBnTThKGEB91OZhzrJ4qIIxk/SBmyDDA==

"@esbuild/linux-s390x@0.21.5":
  version "0.21.5"
  resolved "https://registry.yarnpkg.com/@esbuild/linux-s390x/-/linux-s390x-0.21.5.tgz#b7ccf686751d6a3e44b8627ababc8be3ef62d8de"
  integrity sha512-zus5sxzqBJD3eXxwvjN1yQkRepANgxE9lgOW2qLnmr8ikMTphkjgXu1HR01K4FJg8h1kEEDAqDcZQtbrRnB41A==

"@esbuild/linux-x64@0.21.5":
  version "0.21.5"
  resolved "https://registry.yarnpkg.com/@esbuild/linux-x64/-/linux-x64-0.21.5.tgz#6d8f0c768e070e64309af8004bb94e68ab2bb3b0"
  integrity sha512-1rYdTpyv03iycF1+BhzrzQJCdOuAOtaqHTWJZCWvijKD2N5Xu0TtVC8/+1faWqcP9iBCWOmjmhoH94dH82BxPQ==

"@esbuild/netbsd-x64@0.21.5":
  version "0.21.5"
  resolved "https://registry.yarnpkg.com/@esbuild/netbsd-x64/-/netbsd-x64-0.21.5.tgz#bbe430f60d378ecb88decb219c602667387a6047"
  integrity sha512-Woi2MXzXjMULccIwMnLciyZH4nCIMpWQAs049KEeMvOcNADVxo0UBIQPfSmxB3CWKedngg7sWZdLvLczpe0tLg==

"@esbuild/openbsd-x64@0.21.5":
  version "0.21.5"
  resolved "https://registry.yarnpkg.com/@esbuild/openbsd-x64/-/openbsd-x64-0.21.5.tgz#99d1cf2937279560d2104821f5ccce220cb2af70"
  integrity sha512-HLNNw99xsvx12lFBUwoT8EVCsSvRNDVxNpjZ7bPn947b8gJPzeHWyNVhFsaerc0n3TsbOINvRP2byTZ5LKezow==

"@esbuild/sunos-x64@0.21.5":
  version "0.21.5"
  resolved "https://registry.yarnpkg.com/@esbuild/sunos-x64/-/sunos-x64-0.21.5.tgz#08741512c10d529566baba837b4fe052c8f3487b"
  integrity sha512-6+gjmFpfy0BHU5Tpptkuh8+uw3mnrvgs+dSPQXQOv3ekbordwnzTVEb4qnIvQcYXq6gzkyTnoZ9dZG+D4garKg==

"@esbuild/win32-arm64@0.21.5":
  version "0.21.5"
  resolved "https://registry.yarnpkg.com/@esbuild/win32-arm64/-/win32-arm64-0.21.5.tgz#675b7385398411240735016144ab2e99a60fc75d"
  integrity sha512-Z0gOTd75VvXqyq7nsl93zwahcTROgqvuAcYDUr+vOv8uHhNSKROyU961kgtCD1e95IqPKSQKH7tBTslnS3tA8A==

"@esbuild/win32-ia32@0.21.5":
  version "0.21.5"
  resolved "https://registry.yarnpkg.com/@esbuild/win32-ia32/-/win32-ia32-0.21.5.tgz#1bfc3ce98aa6ca9a0969e4d2af72144c59c1193b"
  integrity sha512-SWXFF1CL2RVNMaVs+BBClwtfZSvDgtL//G/smwAc5oVK/UPu2Gu9tIaRgFmYFFKrmg3SyAjSrElf0TiJ1v8fYA==

"@esbuild/win32-x64@0.21.5":
  version "0.21.5"
  resolved "https://registry.yarnpkg.com/@esbuild/win32-x64/-/win32-x64-0.21.5.tgz#acad351d582d157bb145535db2a6ff53dd514b5c"
  integrity sha512-tQd/1efJuzPC6rCFwEvLtci/xNFcTZknmXs98FYDfGE4wP9ClFV98nyKrzJKVPMhdDnjzLhdUyMX4PsQAPjwIw==

"@rollup/plugin-virtual@^3.0.2":
  version "3.0.2"
  resolved "https://registry.yarnpkg.com/@rollup/plugin-virtual/-/plugin-virtual-3.0.2.tgz#17e17eeecb4c9fa1c0a6e72c9e5f66382fddbb82"
  integrity sha512-10monEYsBp3scM4/ND4LNH5Rxvh3e/cVeL3jWTgZ2SrQ+BmUoQcopVQvnaMcOnykb1VkxUFuDAN+0FnpTFRy2A==

"@rollup/rollup-android-arm-eabi@4.22.5":
  version "4.22.5"
  resolved "https://registry.yarnpkg.com/@rollup/rollup-android-arm-eabi/-/rollup-android-arm-eabi-4.22.5.tgz#e0f5350845090ca09690fe4a472717f3b8aae225"
  integrity sha512-SU5cvamg0Eyu/F+kLeMXS7GoahL+OoizlclVFX3l5Ql6yNlywJJ0OuqTzUx0v+aHhPHEB/56CT06GQrRrGNYww==

"@rollup/rollup-android-arm64@4.22.5":
  version "4.22.5"
  resolved "https://registry.yarnpkg.com/@rollup/rollup-android-arm64/-/rollup-android-arm64-4.22.5.tgz#08270faef6747e2716d3e978a8bbf479f75fb19a"
  integrity sha512-S4pit5BP6E5R5C8S6tgU/drvgjtYW76FBuG6+ibG3tMvlD1h9LHVF9KmlmaUBQ8Obou7hEyS+0w+IR/VtxwNMQ==

"@rollup/rollup-darwin-arm64@4.22.5":
  version "4.22.5"
  resolved "https://registry.yarnpkg.com/@rollup/rollup-darwin-arm64/-/rollup-darwin-arm64-4.22.5.tgz#691671133b350661328d42c8dbdedd56dfb97dfd"
  integrity sha512-250ZGg4ipTL0TGvLlfACkIxS9+KLtIbn7BCZjsZj88zSg2Lvu3Xdw6dhAhfe/FjjXPVNCtcSp+WZjVsD3a/Zlw==

"@rollup/rollup-darwin-x64@4.22.5":
  version "4.22.5"
  resolved "https://registry.yarnpkg.com/@rollup/rollup-darwin-x64/-/rollup-darwin-x64-4.22.5.tgz#b2ec52a1615f24b1cd40bc8906ae31af81e8a342"
  integrity sha512-D8brJEFg5D+QxFcW6jYANu+Rr9SlKtTenmsX5hOSzNYVrK5oLAEMTUgKWYJP+wdKyCdeSwnapLsn+OVRFycuQg==

"@rollup/rollup-linux-arm-gnueabihf@4.22.5":
  version "4.22.5"
  resolved "https://registry.yarnpkg.com/@rollup/rollup-linux-arm-gnueabihf/-/rollup-linux-arm-gnueabihf-4.22.5.tgz#217f01f304808920680bd269002df38e25d9205f"
  integrity sha512-PNqXYmdNFyWNg0ma5LdY8wP+eQfdvyaBAojAXgO7/gs0Q/6TQJVXAXe8gwW9URjbS0YAammur0fynYGiWsKlXw==

"@rollup/rollup-linux-arm-musleabihf@4.22.5":
  version "4.22.5"
  resolved "https://registry.yarnpkg.com/@rollup/rollup-linux-arm-musleabihf/-/rollup-linux-arm-musleabihf-4.22.5.tgz#93ac1c5a1e389f4482a2edaeec41fcffee54a930"
  integrity sha512-kSSCZOKz3HqlrEuwKd9TYv7vxPYD77vHSUvM2y0YaTGnFc8AdI5TTQRrM1yIp3tXCKrSL9A7JLoILjtad5t8pQ==

"@rollup/rollup-linux-arm64-gnu@4.22.5":
  version "4.22.5"
  resolved "https://registry.yarnpkg.com/@rollup/rollup-linux-arm64-gnu/-/rollup-linux-arm64-gnu-4.22.5.tgz#a7f146787d6041fecc4ecdf1aa72234661ca94a4"
  integrity sha512-oTXQeJHRbOnwRnRffb6bmqmUugz0glXaPyspp4gbQOPVApdpRrY/j7KP3lr7M8kTfQTyrBUzFjj5EuHAhqH4/w==

"@rollup/rollup-linux-arm64-musl@4.22.5":
  version "4.22.5"
  resolved "https://registry.yarnpkg.com/@rollup/rollup-linux-arm64-musl/-/rollup-linux-arm64-musl-4.22.5.tgz#6a37236189648e678bd564d6e8ca798f42cf42c5"
  integrity sha512-qnOTIIs6tIGFKCHdhYitgC2XQ2X25InIbZFor5wh+mALH84qnFHvc+vmWUpyX97B0hNvwNUL4B+MB8vJvH65Fw==

"@rollup/rollup-linux-powerpc64le-gnu@4.22.5":
  version "4.22.5"
  resolved "https://registry.yarnpkg.com/@rollup/rollup-linux-powerpc64le-gnu/-/rollup-linux-powerpc64le-gnu-4.22.5.tgz#5661420dc463bec31ecb2d17d113de858cfcfe2d"
  integrity sha512-TMYu+DUdNlgBXING13rHSfUc3Ky5nLPbWs4bFnT+R6Vu3OvXkTkixvvBKk8uO4MT5Ab6lC3U7x8S8El2q5o56w==

"@rollup/rollup-linux-riscv64-gnu@4.22.5":
  version "4.22.5"
  resolved "https://registry.yarnpkg.com/@rollup/rollup-linux-riscv64-gnu/-/rollup-linux-riscv64-gnu-4.22.5.tgz#cb00342b7432bdef723aa606281de2f522d6dcf7"
  integrity sha512-PTQq1Kz22ZRvuhr3uURH+U/Q/a0pbxJoICGSprNLAoBEkyD3Sh9qP5I0Asn0y0wejXQBbsVMRZRxlbGFD9OK4A==

"@rollup/rollup-linux-s390x-gnu@4.22.5":
  version "4.22.5"
  resolved "https://registry.yarnpkg.com/@rollup/rollup-linux-s390x-gnu/-/rollup-linux-s390x-gnu-4.22.5.tgz#0708889674dccecccd28e2befccf791e0767fcb7"
  integrity sha512-bR5nCojtpuMss6TDEmf/jnBnzlo+6n1UhgwqUvRoe4VIotC7FG1IKkyJbwsT7JDsF2jxR+NTnuOwiGv0hLyDoQ==

"@rollup/rollup-linux-x64-gnu@4.22.5":
  version "4.22.5"
  resolved "https://registry.yarnpkg.com/@rollup/rollup-linux-x64-gnu/-/rollup-linux-x64-gnu-4.22.5.tgz#a135b040b21582e91cfed2267ccfc7d589e1dbc6"
  integrity sha512-N0jPPhHjGShcB9/XXZQWuWBKZQnC1F36Ce3sDqWpujsGjDz/CQtOL9LgTrJ+rJC8MJeesMWrMWVLKKNR/tMOCA==

"@rollup/rollup-linux-x64-musl@4.22.5":
  version "4.22.5"
  resolved "https://registry.yarnpkg.com/@rollup/rollup-linux-x64-musl/-/rollup-linux-x64-musl-4.22.5.tgz#88395a81a3ab7ee3dc8dc31a73ff62ed3185f34d"
  integrity sha512-uBa2e28ohzNNwjr6Uxm4XyaA1M/8aTgfF2T7UIlElLaeXkgpmIJ2EitVNQxjO9xLLLy60YqAgKn/AqSpCUkE9g==

"@rollup/rollup-win32-arm64-msvc@4.22.5":
  version "4.22.5"
  resolved "https://registry.yarnpkg.com/@rollup/rollup-win32-arm64-msvc/-/rollup-win32-arm64-msvc-4.22.5.tgz#12ee49233b1125f2c1da38392f63b1dbb0c31bba"
  integrity sha512-RXT8S1HP8AFN/Kr3tg4fuYrNxZ/pZf1HemC5Tsddc6HzgGnJm0+Lh5rAHJkDuW3StI0ynNXukidROMXYl6ew8w==

"@rollup/rollup-win32-ia32-msvc@4.22.5":
  version "4.22.5"
  resolved "https://registry.yarnpkg.com/@rollup/rollup-win32-ia32-msvc/-/rollup-win32-ia32-msvc-4.22.5.tgz#0f987b134c6b3123c22842b33ba0c2b6fb78cc3b"
  integrity sha512-ElTYOh50InL8kzyUD6XsnPit7jYCKrphmddKAe1/Ytt74apOxDq5YEcbsiKs0fR3vff3jEneMM+3I7jbqaMyBg==

"@rollup/rollup-win32-x64-msvc@4.22.5":
  version "4.22.5"
  resolved "https://registry.yarnpkg.com/@rollup/rollup-win32-x64-msvc/-/rollup-win32-x64-msvc-4.22.5.tgz#f2feb149235a5dc1deb5439758f8871255e5a161"
  integrity sha512-+lvL/4mQxSV8MukpkKyyvfwhH266COcWlXE/1qxwN08ajovta3459zrjLghYMgDerlzNwLAcFpvU+WWE5y6nAQ==

"@swc/core-darwin-arm64@1.7.26":
  version "1.7.26"
  resolved "https://registry.yarnpkg.com/@swc/core-darwin-arm64/-/core-darwin-arm64-1.7.26.tgz#5f4096c00e71771ca1b18c824f0c92a052c70760"
  integrity sha512-FF3CRYTg6a7ZVW4yT9mesxoVVZTrcSWtmZhxKCYJX9brH4CS/7PRPjAKNk6kzWgWuRoglP7hkjQcd6EpMcZEAw==

"@swc/core-darwin-x64@1.7.26":
  version "1.7.26"
  resolved "https://registry.yarnpkg.com/@swc/core-darwin-x64/-/core-darwin-x64-1.7.26.tgz#867b7a4f094e6b64201090ca5fcbf3da7d0f3e22"
  integrity sha512-az3cibZdsay2HNKmc4bjf62QVukuiMRh5sfM5kHR/JMTrLyS6vSw7Ihs3UTkZjUxkLTT8ro54LI6sV6sUQUbLQ==

"@swc/core-linux-arm-gnueabihf@1.7.26":
  version "1.7.26"
  resolved "https://registry.yarnpkg.com/@swc/core-linux-arm-gnueabihf/-/core-linux-arm-gnueabihf-1.7.26.tgz#35bb43894def296d92aaa2cc9372d48042f37777"
  integrity sha512-VYPFVJDO5zT5U3RpCdHE5v1gz4mmR8BfHecUZTmD2v1JeFY6fv9KArJUpjrHEEsjK/ucXkQFmJ0jaiWXmpOV9Q==

"@swc/core-linux-arm64-gnu@1.7.26":
  version "1.7.26"
  resolved "https://registry.yarnpkg.com/@swc/core-linux-arm64-gnu/-/core-linux-arm64-gnu-1.7.26.tgz#8e2321cc4ec84cbfed8f8e16ff1ed7b854450443"
  integrity sha512-YKevOV7abpjcAzXrhsl+W48Z9mZvgoVs2eP5nY+uoMAdP2b3GxC0Df1Co0I90o2lkzO4jYBpTMcZlmUXLdXn+Q==

"@swc/core-linux-arm64-musl@1.7.26":
  version "1.7.26"
  resolved "https://registry.yarnpkg.com/@swc/core-linux-arm64-musl/-/core-linux-arm64-musl-1.7.26.tgz#b1c16e4b23ffa9ff19973eda6ffee35d2a7de7b0"
  integrity sha512-3w8iZICMkQQON0uIcvz7+Q1MPOW6hJ4O5ETjA0LSP/tuKqx30hIniCGOgPDnv3UTMruLUnQbtBwVCZTBKR3Rkg==

"@swc/core-linux-x64-gnu@1.7.26":
  version "1.7.26"
  resolved "https://registry.yarnpkg.com/@swc/core-linux-x64-gnu/-/core-linux-x64-gnu-1.7.26.tgz#388e2cc13a010cd28787aead2cecf31eb491836d"
  integrity sha512-c+pp9Zkk2lqb06bNGkR2Looxrs7FtGDMA4/aHjZcCqATgp348hOKH5WPvNLBl+yPrISuWjbKDVn3NgAvfvpH4w==

"@swc/core-linux-x64-musl@1.7.26":
  version "1.7.26"
  resolved "https://registry.yarnpkg.com/@swc/core-linux-x64-musl/-/core-linux-x64-musl-1.7.26.tgz#51e0ff30981f26d7a5b97a7a7b5b291bad050d1a"
  integrity sha512-PgtyfHBF6xG87dUSSdTJHwZ3/8vWZfNIXQV2GlwEpslrOkGqy+WaiiyE7Of7z9AvDILfBBBcJvJ/r8u980wAfQ==

"@swc/core-win32-arm64-msvc@1.7.26":
  version "1.7.26"
  resolved "https://registry.yarnpkg.com/@swc/core-win32-arm64-msvc/-/core-win32-arm64-msvc-1.7.26.tgz#a7fdcc4074c34ee6a026506b594d00323383c11f"
  integrity sha512-9TNXPIJqFynlAOrRD6tUQjMq7KApSklK3R/tXgIxc7Qx+lWu8hlDQ/kVPLpU7PWvMMwC/3hKBW+p5f+Tms1hmA==

"@swc/core-win32-ia32-msvc@1.7.26":
  version "1.7.26"
  resolved "https://registry.yarnpkg.com/@swc/core-win32-ia32-msvc/-/core-win32-ia32-msvc-1.7.26.tgz#ae7be6dde798eebee2000b8fd84e01a439b5bd6a"
  integrity sha512-9YngxNcG3177GYdsTum4V98Re+TlCeJEP4kEwEg9EagT5s3YejYdKwVAkAsJszzkXuyRDdnHUpYbTrPG6FiXrQ==

"@swc/core-win32-x64-msvc@1.7.26":
  version "1.7.26"
  resolved "https://registry.yarnpkg.com/@swc/core-win32-x64-msvc/-/core-win32-x64-msvc-1.7.26.tgz#310d607004d7319085a4dec20c0c38c3405cc05b"
  integrity sha512-VR+hzg9XqucgLjXxA13MtV5O3C0bK0ywtLIBw/+a+O+Oc6mxFWHtdUeXDbIi5AiPbn0fjgVJMqYnyjGyyX8u0w==

"@swc/core@^1.7.0":
  version "1.7.26"
  resolved "https://registry.yarnpkg.com/@swc/core/-/core-1.7.26.tgz#beda9b82063fcec7b56c958804a4d175aecf9a9d"
  integrity sha512-f5uYFf+TmMQyYIoxkn/evWhNGuUzC730dFwAKGwBVHHVoPyak1/GvJUm6i1SKl+2Hrj9oN0i3WSoWWZ4pgI8lw==
  dependencies:
    "@swc/counter" "^0.1.3"
    "@swc/types" "^0.1.12"
  optionalDependencies:
    "@swc/core-darwin-arm64" "1.7.26"
    "@swc/core-darwin-x64" "1.7.26"
    "@swc/core-linux-arm-gnueabihf" "1.7.26"
    "@swc/core-linux-arm64-gnu" "1.7.26"
    "@swc/core-linux-arm64-musl" "1.7.26"
    "@swc/core-linux-x64-gnu" "1.7.26"
    "@swc/core-linux-x64-musl" "1.7.26"
    "@swc/core-win32-arm64-msvc" "1.7.26"
    "@swc/core-win32-ia32-msvc" "1.7.26"
    "@swc/core-win32-x64-msvc" "1.7.26"

"@swc/counter@^0.1.3":
  version "0.1.3"
  resolved "https://registry.yarnpkg.com/@swc/counter/-/counter-0.1.3.tgz#cc7463bd02949611c6329596fccd2b0ec782b0e9"
  integrity sha512-e2BR4lsJkkRlKZ/qCHPw9ZaSxc0MVUd7gtbtaB7aMvHeJVYe8sOB8DBZkP2DtISHGSku9sCK6T6cnY0CtXrOCQ==

"@swc/types@^0.1.12":
  version "0.1.12"
  resolved "https://registry.yarnpkg.com/@swc/types/-/types-0.1.12.tgz#7f632c06ab4092ce0ebd046ed77ff7557442282f"
  integrity sha512-wBJA+SdtkbFhHjTMYH+dEH1y4VpfGdAc2Kw/LK09i9bXd/K6j6PkDcFCEzb6iVfZMkPRrl/q0e3toqTAJdkIVA==
  dependencies:
    "@swc/counter" "^0.1.3"

"@types/estree@1.0.6":
  version "1.0.6"
  resolved "https://registry.yarnpkg.com/@types/estree/-/estree-1.0.6.tgz#628effeeae2064a1b4e79f78e81d87b7e5fc7b50"
  integrity sha512-AYnb1nQyY49te+VRAVgmzfcgjYS91mY5P0TKUDCLEM+gNnA+3T6rWITXRLYCpahpqSQbN5cE+gHpnPyXjHWxcw==

braces@^3.0.3:
  version "3.0.3"
  resolved "https://registry.yarnpkg.com/braces/-/braces-3.0.3.tgz#490332f40919452272d55a8480adc0c441358789"
  integrity sha512-yQbXgO/OSZVD2IsiLlro+7Hf6Q18EJrKSEsdoMzKePKXct3gvD8oLcOQdIzGupr5Fj+EDe8gO/lxc1BzfMpxvA==
  dependencies:
    fill-range "^7.1.1"

esbuild@^0.21.3:
  version "0.21.5"
  resolved "https://registry.yarnpkg.com/esbuild/-/esbuild-0.21.5.tgz#9ca301b120922959b766360d8ac830da0d02997d"
  integrity sha512-mg3OPMV4hXywwpoDxu3Qda5xCKQi+vCTZq8S9J/EpkhB2HzKXq4SNFZE3+NK93JYxc8VMSep+lOUSC/RVKaBqw==
  optionalDependencies:
    "@esbuild/aix-ppc64" "0.21.5"
    "@esbuild/android-arm" "0.21.5"
    "@esbuild/android-arm64" "0.21.5"
    "@esbuild/android-x64" "0.21.5"
    "@esbuild/darwin-arm64" "0.21.5"
    "@esbuild/darwin-x64" "0.21.5"
    "@esbuild/freebsd-arm64" "0.21.5"
    "@esbuild/freebsd-x64" "0.21.5"
    "@esbuild/linux-arm" "0.21.5"
    "@esbuild/linux-arm64" "0.21.5"
    "@esbuild/linux-ia32" "0.21.5"
    "@esbuild/linux-loong64" "0.21.5"
    "@esbuild/linux-mips64el" "0.21.5"
    "@esbuild/linux-ppc64" "0.21.5"
    "@esbuild/linux-riscv64" "0.21.5"
    "@esbuild/linux-s390x" "0.21.5"
    "@esbuild/linux-x64" "0.21.5"
    "@esbuild/netbsd-x64" "0.21.5"
    "@esbuild/openbsd-x64" "0.21.5"
    "@esbuild/sunos-x64" "0.21.5"
    "@esbuild/win32-arm64" "0.21.5"
    "@esbuild/win32-ia32" "0.21.5"
    "@esbuild/win32-x64" "0.21.5"

fill-range@^7.1.1:
  version "7.1.1"
  resolved "https://registry.yarnpkg.com/fill-range/-/fill-range-7.1.1.tgz#44265d3cac07e3ea7dc247516380643754a05292"
  integrity sha512-YsGpe3WHLK8ZYi4tWDg2Jy3ebRz2rXowDxnld4bkQB00cc/1Zw9AWnC0i9ztDJitivtQvaI9KaLyKrc+hBW0yg==
  dependencies:
    to-regex-range "^5.0.1"

fsevents@~2.3.2, fsevents@~2.3.3:
  version "2.3.3"
  resolved "https://registry.yarnpkg.com/fsevents/-/fsevents-2.3.3.tgz#cac6407785d03675a2a5e1a5305c697b347d90d6"
  integrity sha512-5xoDfX+fL7faATnagmWPpbFtwh/R77WmMMqqHGS65C3vvB0YHrgF+B1YmZ3441tMj5n63k0212XNoJwzlhffQw==

is-number@^7.0.0:
  version "7.0.0"
  resolved "https://registry.yarnpkg.com/is-number/-/is-number-7.0.0.tgz#7535345b896734d5f80c4d06c50955527a14f12b"
  integrity sha512-41Cifkg6e8TylSpdtTpeLVMqvSBEVzTttHvERD741+pnZ8ANv0004MRL43QKPDlK9cGvNp6NZWZUBlbGXYxxng==

micromatch@^4.0.7:
  version "4.0.8"
  resolved "https://registry.yarnpkg.com/micromatch/-/micromatch-4.0.8.tgz#d66fa18f3a47076789320b9b1af32bd86d9fa202"
  integrity sha512-PXwfBhYu0hBCPw8Dn0E+WDYb7af3dSLVWKi3HGv84IdF4TyFoC0ysxFd0Goxw7nSv4T/PzEJQxsYsEiFCKo2BA==
  dependencies:
    braces "^3.0.3"
    picomatch "^2.3.1"

nanoid@^3.3.7:
  version "3.3.7"
  resolved "https://registry.yarnpkg.com/nanoid/-/nanoid-3.3.7.tgz#d0c301a691bc8d54efa0a2226ccf3fe2fd656bd8"
  integrity sha512-eSRppjcPIatRIMC1U6UngP8XFcz8MQWGQdt1MTBQ7NaAmvXDfvNxbvWV3x2y6CdEUciCSsDHDQZbhYaB8QEo2g==

picocolors@^1.1.0:
  version "1.1.0"
  resolved "https://registry.yarnpkg.com/picocolors/-/picocolors-1.1.0.tgz#5358b76a78cde483ba5cef6a9dc9671440b27d59"
  integrity sha512-TQ92mBOW0l3LeMeyLV6mzy/kWr8lkd/hp3mTg7wYK7zJhuBStmGMBG0BdeDZS/dZx1IukaX6Bk11zcln25o1Aw==

picomatch@^2.3.1:
  version "2.3.1"
  resolved "https://registry.yarnpkg.com/picomatch/-/picomatch-2.3.1.tgz#3ba3833733646d9d3e4995946c1365a67fb07a42"
  integrity sha512-JU3teHTNjmE2VCGFzuY8EXzCDVwEqB2a8fsIvwaStHhAWJEeVd1o1QD80CU6+ZdEXXSLbSsuLwJjkCBWqRQUVA==

postcss@^8.4.43:
  version "8.4.47"
  resolved "https://registry.yarnpkg.com/postcss/-/postcss-8.4.47.tgz#5bf6c9a010f3e724c503bf03ef7947dcb0fea365"
  integrity sha512-56rxCq7G/XfB4EkXq9Egn5GCqugWvDFjafDOThIdMBsI15iqPqR5r15TfSr1YPYeEI19YeaXMCbY6u88Y76GLQ==
  dependencies:
    nanoid "^3.3.7"
    picocolors "^1.1.0"
    source-map-js "^1.2.1"

rollup@^4.20.0:
  version "4.22.5"
  resolved "https://registry.yarnpkg.com/rollup/-/rollup-4.22.5.tgz#d5108cc470249417e50492456253884d19f5d40f"
  integrity sha512-WoinX7GeQOFMGznEcWA1WrTQCd/tpEbMkc3nuMs9BT0CPjMdSjPMTVClwWd4pgSQwJdP65SK9mTCNvItlr5o7w==
  dependencies:
    "@types/estree" "1.0.6"
  optionalDependencies:
    "@rollup/rollup-android-arm-eabi" "4.22.5"
    "@rollup/rollup-android-arm64" "4.22.5"
    "@rollup/rollup-darwin-arm64" "4.22.5"
    "@rollup/rollup-darwin-x64" "4.22.5"
    "@rollup/rollup-linux-arm-gnueabihf" "4.22.5"
    "@rollup/rollup-linux-arm-musleabihf" "4.22.5"
    "@rollup/rollup-linux-arm64-gnu" "4.22.5"
    "@rollup/rollup-linux-arm64-musl" "4.22.5"
    "@rollup/rollup-linux-powerpc64le-gnu" "4.22.5"
    "@rollup/rollup-linux-riscv64-gnu" "4.22.5"
    "@rollup/rollup-linux-s390x-gnu" "4.22.5"
    "@rollup/rollup-linux-x64-gnu" "4.22.5"
    "@rollup/rollup-linux-x64-musl" "4.22.5"
    "@rollup/rollup-win32-arm64-msvc" "4.22.5"
    "@rollup/rollup-win32-ia32-msvc" "4.22.5"
    "@rollup/rollup-win32-x64-msvc" "4.22.5"
    fsevents "~2.3.2"

source-map-js@^1.2.1:
  version "1.2.1"
  resolved "https://registry.yarnpkg.com/source-map-js/-/source-map-js-1.2.1.tgz#1ce5650fddd87abc099eda37dcff024c2667ae46"
  integrity sha512-UXWMKhLOwVKb728IUtQPXxfYU+usdybtUrK/8uGE8CQMvrhOpwvzDBwj0QhSL7MQc7vIsISBG8VQ8+IDQxpfQA==

to-regex-range@^5.0.1:
  version "5.0.1"
  resolved "https://registry.yarnpkg.com/to-regex-range/-/to-regex-range-5.0.1.tgz#1648c44aae7c8d988a326018ed72f5b4dd0392e4"
  integrity sha512-65P7iz6X5yEr1cwcgvQxbbIw7Uk3gOy5dIdtZ4rDveLqhrdJP+Li/Hx6tyK0NEb+2GCyneCMJiGqrADCSNk8sQ==
  dependencies:
    is-number "^7.0.0"

typescript@^5.6.2:
  version "5.6.2"
  resolved "https://registry.yarnpkg.com/typescript/-/typescript-5.6.2.tgz#d1de67b6bef77c41823f822df8f0b3bcff60a5a0"
  integrity sha512-NW8ByodCSNCwZeghjN3o+JX5OFH0Ojg6sadjEKY4huZ52TqbJTJnDo5+Tw98lSy63NZvi4n+ez5m2u5d4PkZyw==

"typstyle@file:../pkg":
  version "0.11.13"

uuid@^10.0.0:
  version "10.0.0"
  resolved "https://registry.yarnpkg.com/uuid/-/uuid-10.0.0.tgz#5a95aa454e6e002725c79055fd42aaba30ca6294"
  integrity sha512-8XkAphELsDnEGrDxUOHB3RGvXz6TeuYSGEZBOjtTtPm2lwhGBjLgOzLHB63IUWfBpNucQjND6d3AOudO+H3RWQ==

vanjs-core@^1.5.2:
  version "1.5.2"
  resolved "https://registry.yarnpkg.com/vanjs-core/-/vanjs-core-1.5.2.tgz#943b9614411563b0dcf80c536c749295bd79506b"
  integrity sha512-z9MHAzxYbNFJ6MYP+4j9l9KMxDU3ryI65JjIfUbGQwF1paLfiuqtIiq9Ve1UGKLd774Z7mtdWzd+/FR785dKjQ==

vite-plugin-singlefile@^2.0.2:
  version "2.0.2"
  resolved "https://registry.yarnpkg.com/vite-plugin-singlefile/-/vite-plugin-singlefile-2.0.2.tgz#af2c95e0182bd363dbe29b80bea5c5a78209f649"
  integrity sha512-Z2ou6HcvED5CF0hM+vcFSaFa+klyS8RyyLxW0PbMRLnMbvzTI6ueWyxdYNFhpuXZgz/aj6+E/dHFTdEcw6gb9w==
  dependencies:
    micromatch "^4.0.7"

vite-plugin-top-level-await@^1.4.4:
  version "1.4.4"
  resolved "https://registry.yarnpkg.com/vite-plugin-top-level-await/-/vite-plugin-top-level-await-1.4.4.tgz#4900e06bfb7179de20aaa9b4730d04022a9e259e"
  integrity sha512-QyxQbvcMkgt+kDb12m2P8Ed35Sp6nXP+l8ptGrnHV9zgYDUpraO0CPdlqLSeBqvY2DToR52nutDG7mIHuysdiw==
  dependencies:
    "@rollup/plugin-virtual" "^3.0.2"
    "@swc/core" "^1.7.0"
    uuid "^10.0.0"

vite-plugin-wasm@^3.3.0:
  version "3.3.0"
  resolved "https://registry.yarnpkg.com/vite-plugin-wasm/-/vite-plugin-wasm-3.3.0.tgz#2908ef2529bf8f33f4e549c8c6fda26ad273ca15"
  integrity sha512-tVhz6w+W9MVsOCHzxo6SSMSswCeIw4HTrXEi6qL3IRzATl83jl09JVO1djBqPSwfjgnpVHNLYcaMbaDX5WB/pg==

vite@^5.4.8:
  version "5.4.8"
  resolved "https://registry.yarnpkg.com/vite/-/vite-5.4.8.tgz#af548ce1c211b2785478d3ba3e8da51e39a287e8"
  integrity sha512-FqrItQ4DT1NC4zCUqMB4c4AZORMKIa0m8/URVCZ77OZ/QSNeJ54bU1vrFADbDsuwfIPcgknRkmqakQcgnL4GiQ==
  dependencies:
    esbuild "^0.21.3"
    postcss "^8.4.43"
    rollup "^4.20.0"
  optionalDependencies:
    fsevents "~2.3.3"
