# THIS IS AN AUTOGENERATED FILE. DO NOT EDIT THIS FILE DIRECTLY.
# yarn lockfile v1


"@esbuild/aix-ppc64@0.20.2":
  version "0.20.2"
  resolved "https://registry.yarnpkg.com/@esbuild/aix-ppc64/-/aix-ppc64-0.20.2.tgz#a70f4ac11c6a1dfc18b8bbb13284155d933b9537"
  integrity sha512-D+EBOJHXdNZcLJRBkhENNG8Wji2kgc9AZ9KiPr1JuZjsNtyHzrsfLRrY0tk2H2aoFu6RANO1y1iPPUCDYWkb5g==

"@esbuild/android-arm64@0.20.2":
  version "0.20.2"
  resolved "https://registry.yarnpkg.com/@esbuild/android-arm64/-/android-arm64-0.20.2.tgz#db1c9202a5bc92ea04c7b6840f1bbe09ebf9e6b9"
  integrity sha512-mRzjLacRtl/tWU0SvD8lUEwb61yP9cqQo6noDZP/O8VkwafSYwZ4yWy24kan8jE/IMERpYncRt2dw438LP3Xmg==

"@esbuild/android-arm@0.20.2":
  version "0.20.2"
  resolved "https://registry.yarnpkg.com/@esbuild/android-arm/-/android-arm-0.20.2.tgz#3b488c49aee9d491c2c8f98a909b785870d6e995"
  integrity sha512-t98Ra6pw2VaDhqNWO2Oph2LXbz/EJcnLmKLGBJwEwXX/JAN83Fym1rU8l0JUWK6HkIbWONCSSatf4sf2NBRx/w==

"@esbuild/android-x64@0.20.2":
  version "0.20.2"
  resolved "https://registry.yarnpkg.com/@esbuild/android-x64/-/android-x64-0.20.2.tgz#3b1628029e5576249d2b2d766696e50768449f98"
  integrity sha512-btzExgV+/lMGDDa194CcUQm53ncxzeBrWJcncOBxuC6ndBkKxnHdFJn86mCIgTELsooUmwUm9FkhSp5HYu00Rg==

"@esbuild/darwin-arm64@0.20.2":
  version "0.20.2"
  resolved "https://registry.yarnpkg.com/@esbuild/darwin-arm64/-/darwin-arm64-0.20.2.tgz#6e8517a045ddd86ae30c6608c8475ebc0c4000bb"
  integrity sha512-4J6IRT+10J3aJH3l1yzEg9y3wkTDgDk7TSDFX+wKFiWjqWp/iCfLIYzGyasx9l0SAFPT1HwSCR+0w/h1ES/MjA==

"@esbuild/darwin-x64@0.20.2":
  version "0.20.2"
  resolved "https://registry.yarnpkg.com/@esbuild/darwin-x64/-/darwin-x64-0.20.2.tgz#90ed098e1f9dd8a9381695b207e1cff45540a0d0"
  integrity sha512-tBcXp9KNphnNH0dfhv8KYkZhjc+H3XBkF5DKtswJblV7KlT9EI2+jeA8DgBjp908WEuYll6pF+UStUCfEpdysA==

"@esbuild/freebsd-arm64@0.20.2":
  version "0.20.2"
  resolved "https://registry.yarnpkg.com/@esbuild/freebsd-arm64/-/freebsd-arm64-0.20.2.tgz#d71502d1ee89a1130327e890364666c760a2a911"
  integrity sha512-d3qI41G4SuLiCGCFGUrKsSeTXyWG6yem1KcGZVS+3FYlYhtNoNgYrWcvkOoaqMhwXSMrZRl69ArHsGJ9mYdbbw==

"@esbuild/freebsd-x64@0.20.2":
  version "0.20.2"
  resolved "https://registry.yarnpkg.com/@esbuild/freebsd-x64/-/freebsd-x64-0.20.2.tgz#aa5ea58d9c1dd9af688b8b6f63ef0d3d60cea53c"
  integrity sha512-d+DipyvHRuqEeM5zDivKV1KuXn9WeRX6vqSqIDgwIfPQtwMP4jaDsQsDncjTDDsExT4lR/91OLjRo8bmC1e+Cw==

"@esbuild/linux-arm64@0.20.2":
  version "0.20.2"
  resolved "https://registry.yarnpkg.com/@esbuild/linux-arm64/-/linux-arm64-0.20.2.tgz#055b63725df678379b0f6db9d0fa85463755b2e5"
  integrity sha512-9pb6rBjGvTFNira2FLIWqDk/uaf42sSyLE8j1rnUpuzsODBq7FvpwHYZxQ/It/8b+QOS1RYfqgGFNLRI+qlq2A==

"@esbuild/linux-arm@0.20.2":
  version "0.20.2"
  resolved "https://registry.yarnpkg.com/@esbuild/linux-arm/-/linux-arm-0.20.2.tgz#76b3b98cb1f87936fbc37f073efabad49dcd889c"
  integrity sha512-VhLPeR8HTMPccbuWWcEUD1Az68TqaTYyj6nfE4QByZIQEQVWBB8vup8PpR7y1QHL3CpcF6xd5WVBU/+SBEvGTg==

"@esbuild/linux-ia32@0.20.2":
  version "0.20.2"
  resolved "https://registry.yarnpkg.com/@esbuild/linux-ia32/-/linux-ia32-0.20.2.tgz#c0e5e787c285264e5dfc7a79f04b8b4eefdad7fa"
  integrity sha512-o10utieEkNPFDZFQm9CoP7Tvb33UutoJqg3qKf1PWVeeJhJw0Q347PxMvBgVVFgouYLGIhFYG0UGdBumROyiig==

"@esbuild/linux-loong64@0.20.2":
  version "0.20.2"
  resolved "https://registry.yarnpkg.com/@esbuild/linux-loong64/-/linux-loong64-0.20.2.tgz#a6184e62bd7cdc63e0c0448b83801001653219c5"
  integrity sha512-PR7sp6R/UC4CFVomVINKJ80pMFlfDfMQMYynX7t1tNTeivQ6XdX5r2XovMmha/VjR1YN/HgHWsVcTRIMkymrgQ==

"@esbuild/linux-mips64el@0.20.2":
  version "0.20.2"
  resolved "https://registry.yarnpkg.com/@esbuild/linux-mips64el/-/linux-mips64el-0.20.2.tgz#d08e39ce86f45ef8fc88549d29c62b8acf5649aa"
  integrity sha512-4BlTqeutE/KnOiTG5Y6Sb/Hw6hsBOZapOVF6njAESHInhlQAghVVZL1ZpIctBOoTFbQyGW+LsVYZ8lSSB3wkjA==

"@esbuild/linux-ppc64@0.20.2":
  version "0.20.2"
  resolved "https://registry.yarnpkg.com/@esbuild/linux-ppc64/-/linux-ppc64-0.20.2.tgz#8d252f0b7756ffd6d1cbde5ea67ff8fd20437f20"
  integrity sha512-rD3KsaDprDcfajSKdn25ooz5J5/fWBylaaXkuotBDGnMnDP1Uv5DLAN/45qfnf3JDYyJv/ytGHQaziHUdyzaAg==

"@esbuild/linux-riscv64@0.20.2":
  version "0.20.2"
  resolved "https://registry.yarnpkg.com/@esbuild/linux-riscv64/-/linux-riscv64-0.20.2.tgz#19f6dcdb14409dae607f66ca1181dd4e9db81300"
  integrity sha512-snwmBKacKmwTMmhLlz/3aH1Q9T8v45bKYGE3j26TsaOVtjIag4wLfWSiZykXzXuE1kbCE+zJRmwp+ZbIHinnVg==

"@esbuild/linux-s390x@0.20.2":
  version "0.20.2"
  resolved "https://registry.yarnpkg.com/@esbuild/linux-s390x/-/linux-s390x-0.20.2.tgz#3c830c90f1a5d7dd1473d5595ea4ebb920988685"
  integrity sha512-wcWISOobRWNm3cezm5HOZcYz1sKoHLd8VL1dl309DiixxVFoFe/o8HnwuIwn6sXre88Nwj+VwZUvJf4AFxkyrQ==

"@esbuild/linux-x64@0.20.2":
  version "0.20.2"
  resolved "https://registry.yarnpkg.com/@esbuild/linux-x64/-/linux-x64-0.20.2.tgz#86eca35203afc0d9de0694c64ec0ab0a378f6fff"
  integrity sha512-1MdwI6OOTsfQfek8sLwgyjOXAu+wKhLEoaOLTjbijk6E2WONYpH9ZU2mNtR+lZ2B4uwr+usqGuVfFT9tMtGvGw==

"@esbuild/netbsd-x64@0.20.2":
  version "0.20.2"
  resolved "https://registry.yarnpkg.com/@esbuild/netbsd-x64/-/netbsd-x64-0.20.2.tgz#e771c8eb0e0f6e1877ffd4220036b98aed5915e6"
  integrity sha512-K8/DhBxcVQkzYc43yJXDSyjlFeHQJBiowJ0uVL6Tor3jGQfSGHNNJcWxNbOI8v5k82prYqzPuwkzHt3J1T1iZQ==

"@esbuild/openbsd-x64@0.20.2":
  version "0.20.2"
  resolved "https://registry.yarnpkg.com/@esbuild/openbsd-x64/-/openbsd-x64-0.20.2.tgz#9a795ae4b4e37e674f0f4d716f3e226dd7c39baf"
  integrity sha512-eMpKlV0SThJmmJgiVyN9jTPJ2VBPquf6Kt/nAoo6DgHAoN57K15ZghiHaMvqjCye/uU4X5u3YSMgVBI1h3vKrQ==

"@esbuild/sunos-x64@0.20.2":
  version "0.20.2"
  resolved "https://registry.yarnpkg.com/@esbuild/sunos-x64/-/sunos-x64-0.20.2.tgz#7df23b61a497b8ac189def6e25a95673caedb03f"
  integrity sha512-2UyFtRC6cXLyejf/YEld4Hajo7UHILetzE1vsRcGL3earZEW77JxrFjH4Ez2qaTiEfMgAXxfAZCm1fvM/G/o8w==

"@esbuild/win32-arm64@0.20.2":
  version "0.20.2"
  resolved "https://registry.yarnpkg.com/@esbuild/win32-arm64/-/win32-arm64-0.20.2.tgz#f1ae5abf9ca052ae11c1bc806fb4c0f519bacf90"
  integrity sha512-GRibxoawM9ZCnDxnP3usoUDO9vUkpAxIIZ6GQI+IlVmr5kP3zUq+l17xELTHMWTWzjxa2guPNyrpq1GWmPvcGQ==

"@esbuild/win32-ia32@0.20.2":
  version "0.20.2"
  resolved "https://registry.yarnpkg.com/@esbuild/win32-ia32/-/win32-ia32-0.20.2.tgz#241fe62c34d8e8461cd708277813e1d0ba55ce23"
  integrity sha512-HfLOfn9YWmkSKRQqovpnITazdtquEW8/SoHW7pWpuEeguaZI4QnCRW6b+oZTztdBnZOS2hqJ6im/D5cPzBTTlQ==

"@esbuild/win32-x64@0.20.2":
  version "0.20.2"
  resolved "https://registry.yarnpkg.com/@esbuild/win32-x64/-/win32-x64-0.20.2.tgz#9c907b21e30a52db959ba4f80bb01a0cc403d5cc"
  integrity sha512-N49X4lJX27+l9jbLKSqZ6bKNjzQvHaT8IIFUy+YIqmXQdjYCToGWwOItDrfby14c78aDd5NHQl29xingXfCdLQ==

"@rollup/plugin-virtual@^3.0.2":
  version "3.0.2"
  resolved "https://registry.yarnpkg.com/@rollup/plugin-virtual/-/plugin-virtual-3.0.2.tgz#17e17eeecb4c9fa1c0a6e72c9e5f66382fddbb82"
  integrity sha512-10monEYsBp3scM4/ND4LNH5Rxvh3e/cVeL3jWTgZ2SrQ+BmUoQcopVQvnaMcOnykb1VkxUFuDAN+0FnpTFRy2A==

"@rollup/rollup-android-arm-eabi@4.18.0":
  version "4.18.0"
  resolved "https://registry.yarnpkg.com/@rollup/rollup-android-arm-eabi/-/rollup-android-arm-eabi-4.18.0.tgz#bbd0e616b2078cd2d68afc9824d1fadb2f2ffd27"
  integrity sha512-Tya6xypR10giZV1XzxmH5wr25VcZSncG0pZIjfePT0OVBvqNEurzValetGNarVrGiq66EBVAFn15iYX4w6FKgQ==

"@rollup/rollup-android-arm64@4.18.0":
  version "4.18.0"
  resolved "https://registry.yarnpkg.com/@rollup/rollup-android-arm64/-/rollup-android-arm64-4.18.0.tgz#97255ef6384c5f73f4800c0de91f5f6518e21203"
  integrity sha512-avCea0RAP03lTsDhEyfy+hpfr85KfyTctMADqHVhLAF3MlIkq83CP8UfAHUssgXTYd+6er6PaAhx/QGv4L1EiA==

"@rollup/rollup-darwin-arm64@4.18.0":
  version "4.18.0"
  resolved "https://registry.yarnpkg.com/@rollup/rollup-darwin-arm64/-/rollup-darwin-arm64-4.18.0.tgz#b6dd74e117510dfe94541646067b0545b42ff096"
  integrity sha512-IWfdwU7KDSm07Ty0PuA/W2JYoZ4iTj3TUQjkVsO/6U+4I1jN5lcR71ZEvRh52sDOERdnNhhHU57UITXz5jC1/w==

"@rollup/rollup-darwin-x64@4.18.0":
  version "4.18.0"
  resolved "https://registry.yarnpkg.com/@rollup/rollup-darwin-x64/-/rollup-darwin-x64-4.18.0.tgz#e07d76de1cec987673e7f3d48ccb8e106d42c05c"
  integrity sha512-n2LMsUz7Ynu7DoQrSQkBf8iNrjOGyPLrdSg802vk6XT3FtsgX6JbE8IHRvposskFm9SNxzkLYGSq9QdpLYpRNA==

"@rollup/rollup-linux-arm-gnueabihf@4.18.0":
  version "4.18.0"
  resolved "https://registry.yarnpkg.com/@rollup/rollup-linux-arm-gnueabihf/-/rollup-linux-arm-gnueabihf-4.18.0.tgz#9f1a6d218b560c9d75185af4b8bb42f9f24736b8"
  integrity sha512-C/zbRYRXFjWvz9Z4haRxcTdnkPt1BtCkz+7RtBSuNmKzMzp3ZxdM28Mpccn6pt28/UWUCTXa+b0Mx1k3g6NOMA==

"@rollup/rollup-linux-arm-musleabihf@4.18.0":
  version "4.18.0"
  resolved "https://registry.yarnpkg.com/@rollup/rollup-linux-arm-musleabihf/-/rollup-linux-arm-musleabihf-4.18.0.tgz#53618b92e6ffb642c7b620e6e528446511330549"
  integrity sha512-l3m9ewPgjQSXrUMHg93vt0hYCGnrMOcUpTz6FLtbwljo2HluS4zTXFy2571YQbisTnfTKPZ01u/ukJdQTLGh9A==

"@rollup/rollup-linux-arm64-gnu@4.18.0":
  version "4.18.0"
  resolved "https://registry.yarnpkg.com/@rollup/rollup-linux-arm64-gnu/-/rollup-linux-arm64-gnu-4.18.0.tgz#99a7ba5e719d4f053761a698f7b52291cefba577"
  integrity sha512-rJ5D47d8WD7J+7STKdCUAgmQk49xuFrRi9pZkWoRD1UeSMakbcepWXPF8ycChBoAqs1pb2wzvbY6Q33WmN2ftw==

"@rollup/rollup-linux-arm64-musl@4.18.0":
  version "4.18.0"
  resolved "https://registry.yarnpkg.com/@rollup/rollup-linux-arm64-musl/-/rollup-linux-arm64-musl-4.18.0.tgz#f53db99a45d9bc00ce94db8a35efa7c3c144a58c"
  integrity sha512-be6Yx37b24ZwxQ+wOQXXLZqpq4jTckJhtGlWGZs68TgdKXJgw54lUUoFYrg6Zs/kjzAQwEwYbp8JxZVzZLRepQ==

"@rollup/rollup-linux-powerpc64le-gnu@4.18.0":
  version "4.18.0"
  resolved "https://registry.yarnpkg.com/@rollup/rollup-linux-powerpc64le-gnu/-/rollup-linux-powerpc64le-gnu-4.18.0.tgz#cbb0837408fe081ce3435cf3730e090febafc9bf"
  integrity sha512-hNVMQK+qrA9Todu9+wqrXOHxFiD5YmdEi3paj6vP02Kx1hjd2LLYR2eaN7DsEshg09+9uzWi2W18MJDlG0cxJA==

"@rollup/rollup-linux-riscv64-gnu@4.18.0":
  version "4.18.0"
  resolved "https://registry.yarnpkg.com/@rollup/rollup-linux-riscv64-gnu/-/rollup-linux-riscv64-gnu-4.18.0.tgz#8ed09c1d1262ada4c38d791a28ae0fea28b80cc9"
  integrity sha512-ROCM7i+m1NfdrsmvwSzoxp9HFtmKGHEqu5NNDiZWQtXLA8S5HBCkVvKAxJ8U+CVctHwV2Gb5VUaK7UAkzhDjlg==

"@rollup/rollup-linux-s390x-gnu@4.18.0":
  version "4.18.0"
  resolved "https://registry.yarnpkg.com/@rollup/rollup-linux-s390x-gnu/-/rollup-linux-s390x-gnu-4.18.0.tgz#938138d3c8e0c96f022252a28441dcfb17afd7ec"
  integrity sha512-0UyyRHyDN42QL+NbqevXIIUnKA47A+45WyasO+y2bGJ1mhQrfrtXUpTxCOrfxCR4esV3/RLYyucGVPiUsO8xjg==

"@rollup/rollup-linux-x64-gnu@4.18.0":
  version "4.18.0"
  resolved "https://registry.yarnpkg.com/@rollup/rollup-linux-x64-gnu/-/rollup-linux-x64-gnu-4.18.0.tgz#1a7481137a54740bee1ded4ae5752450f155d942"
  integrity sha512-xuglR2rBVHA5UsI8h8UbX4VJ470PtGCf5Vpswh7p2ukaqBGFTnsfzxUBetoWBWymHMxbIG0Cmx7Y9qDZzr648w==

"@rollup/rollup-linux-x64-musl@4.18.0":
  version "4.18.0"
  resolved "https://registry.yarnpkg.com/@rollup/rollup-linux-x64-musl/-/rollup-linux-x64-musl-4.18.0.tgz#f1186afc601ac4f4fc25fac4ca15ecbee3a1874d"
  integrity sha512-LKaqQL9osY/ir2geuLVvRRs+utWUNilzdE90TpyoX0eNqPzWjRm14oMEE+YLve4k/NAqCdPkGYDaDF5Sw+xBfg==

"@rollup/rollup-win32-arm64-msvc@4.18.0":
  version "4.18.0"
  resolved "https://registry.yarnpkg.com/@rollup/rollup-win32-arm64-msvc/-/rollup-win32-arm64-msvc-4.18.0.tgz#ed6603e93636a96203c6915be4117245c1bd2daf"
  integrity sha512-7J6TkZQFGo9qBKH0pk2cEVSRhJbL6MtfWxth7Y5YmZs57Pi+4x6c2dStAUvaQkHQLnEQv1jzBUW43GvZW8OFqA==

"@rollup/rollup-win32-ia32-msvc@4.18.0":
  version "4.18.0"
  resolved "https://registry.yarnpkg.com/@rollup/rollup-win32-ia32-msvc/-/rollup-win32-ia32-msvc-4.18.0.tgz#14e0b404b1c25ebe6157a15edb9c46959ba74c54"
  integrity sha512-Txjh+IxBPbkUB9+SXZMpv+b/vnTEtFyfWZgJ6iyCmt2tdx0OF5WhFowLmnh8ENGNpfUlUZkdI//4IEmhwPieNg==

"@rollup/rollup-win32-x64-msvc@4.18.0":
  version "4.18.0"
  resolved "https://registry.yarnpkg.com/@rollup/rollup-win32-x64-msvc/-/rollup-win32-x64-msvc-4.18.0.tgz#5d694d345ce36b6ecf657349e03eb87297e68da4"
  integrity sha512-UOo5FdvOL0+eIVTgS4tIdbW+TtnBLWg1YBCcU2KWM7nuNwRz9bksDX1bekJJCpu25N1DVWaCwnT39dVQxzqS8g==

"@swc/core-darwin-arm64@1.4.8":
  version "1.4.8"
  resolved "https://registry.yarnpkg.com/@swc/core-darwin-arm64/-/core-darwin-arm64-1.4.8.tgz#2fb702e209310c2da2bc712b0757c011b583a60d"
  integrity sha512-hhQCffRTgzpTIbngSnC30vV6IJVTI9FFBF954WEsshsecVoCGFiMwazBbrkLG+RwXENTrMhgeREEFh6R3KRgKQ==

"@swc/core-darwin-x64@1.4.8":
  version "1.4.8"
  resolved "https://registry.yarnpkg.com/@swc/core-darwin-x64/-/core-darwin-x64-1.4.8.tgz#a5bcbec6830800ca8acafbda1944464ca8421804"
  integrity sha512-P3ZBw8Jr8rKhY/J8d+6WqWriqngGTgHwtFeJ8MIakQJTbdYbFgXSZxcvDiERg3psbGeFXaUaPI0GO6BXv9k/OQ==

"@swc/core-linux-arm-gnueabihf@1.4.8":
  version "1.4.8"
  resolved "https://registry.yarnpkg.com/@swc/core-linux-arm-gnueabihf/-/core-linux-arm-gnueabihf-1.4.8.tgz#0bf6ae3793bbb7dd0e47c3d153350d31b7e63cf9"
  integrity sha512-PP9JIJt19bUWhAGcQW6qMwTjZOcMyzkvZa0/LWSlDm0ORYVLmDXUoeQbGD3e0Zju9UiZxyulnpjEN0ZihJgPTA==

"@swc/core-linux-arm64-gnu@1.4.8":
  version "1.4.8"
  resolved "https://registry.yarnpkg.com/@swc/core-linux-arm64-gnu/-/core-linux-arm64-gnu-1.4.8.tgz#8d3d3e698fc243d4a55c01a968b7297547aa6275"
  integrity sha512-HvEWnwKHkoVUr5iftWirTApFJ13hGzhAY2CMw4lz9lur2m+zhPviRRED0FCI6T95Knpv7+8eUOr98Z7ctrG6DQ==

"@swc/core-linux-arm64-musl@1.4.8":
  version "1.4.8"
  resolved "https://registry.yarnpkg.com/@swc/core-linux-arm64-musl/-/core-linux-arm64-musl-1.4.8.tgz#ace70bbb650ceb70609987c5b07ff34462960b9e"
  integrity sha512-kY8+qa7k/dEeBq9p0Hrta18QnJPpsiJvDQSLNaTIFpdM3aEM9zbkshWz8gaX5VVGUEALowCBUWqmzO4VaqM+2w==

"@swc/core-linux-x64-gnu@1.4.8":
  version "1.4.8"
  resolved "https://registry.yarnpkg.com/@swc/core-linux-x64-gnu/-/core-linux-x64-gnu-1.4.8.tgz#76e7fb06e5b6a14ed6dbc0fd00743706d022eb02"
  integrity sha512-0WWyIw432wpO/zeGblwq4f2YWam4pn8Z/Ig4KzHMgthR/KmiLU3f0Z7eo45eVmq5vcU7Os1zi/Zb65OOt09q/w==

"@swc/core-linux-x64-musl@1.4.8":
  version "1.4.8"
  resolved "https://registry.yarnpkg.com/@swc/core-linux-x64-musl/-/core-linux-x64-musl-1.4.8.tgz#a6e03fe6207fcb9715250c7af260e5ee1bf43c5a"
  integrity sha512-p4yxvVS05rBNCrBaSTa20KK88vOwtg8ifTW7ec/yoab0bD5EwzzB8KbDmLLxE6uziFa0sdjF0dfRDwSZPex37Q==

"@swc/core-win32-arm64-msvc@1.4.8":
  version "1.4.8"
  resolved "https://registry.yarnpkg.com/@swc/core-win32-arm64-msvc/-/core-win32-arm64-msvc-1.4.8.tgz#5daa44087324c49c64fdbb48fdb3aa00218de03b"
  integrity sha512-jKuXihxAaqUnbFfvPxtmxjdJfs87F1GdBf33il+VUmSyWCP4BE6vW+/ReDAe8sRNsKyrZ3UH1vI5q1n64csBUA==

"@swc/core-win32-ia32-msvc@1.4.8":
  version "1.4.8"
  resolved "https://registry.yarnpkg.com/@swc/core-win32-ia32-msvc/-/core-win32-ia32-msvc-1.4.8.tgz#0f1186d2d8bf60c12cfe8ac013b8a520fd850f2e"
  integrity sha512-O0wT4AGHrX8aBeH6c2ADMHgagAJc5Kf6W48U5moyYDAkkVnKvtSc4kGhjWhe1Yl0sI0cpYh2In2FxvYsb44eWw==

"@swc/core-win32-x64-msvc@1.4.8":
  version "1.4.8"
  resolved "https://registry.yarnpkg.com/@swc/core-win32-x64-msvc/-/core-win32-x64-msvc-1.4.8.tgz#0bf080132a52e332c7c221d1087a311824746d76"
  integrity sha512-C2AYc3A2o+ECciqsJWRgIpp83Vk5EaRzHe7ed/xOWzVd0MsWR+fweEsyOjlmzHfpUxJSi46Ak3/BIZJlhZbXbg==

"@swc/core@^1.3.100":
  version "1.4.8"
  resolved "https://registry.yarnpkg.com/@swc/core/-/core-1.4.8.tgz#de859373a01f499ed27744f6848b28bbb977e81c"
  integrity sha512-uY2RSJcFPgNOEg12RQZL197LZX+MunGiKxsbxmh22VfVxrOYGRvh4mPANFlrD1yb38CgmW1wI6YgIi8LkIwmWg==
  dependencies:
    "@swc/counter" "^0.1.2"
    "@swc/types" "^0.1.5"
  optionalDependencies:
    "@swc/core-darwin-arm64" "1.4.8"
    "@swc/core-darwin-x64" "1.4.8"
    "@swc/core-linux-arm-gnueabihf" "1.4.8"
    "@swc/core-linux-arm64-gnu" "1.4.8"
    "@swc/core-linux-arm64-musl" "1.4.8"
    "@swc/core-linux-x64-gnu" "1.4.8"
    "@swc/core-linux-x64-musl" "1.4.8"
    "@swc/core-win32-arm64-msvc" "1.4.8"
    "@swc/core-win32-ia32-msvc" "1.4.8"
    "@swc/core-win32-x64-msvc" "1.4.8"

"@swc/counter@^0.1.2":
  version "0.1.3"
  resolved "https://registry.yarnpkg.com/@swc/counter/-/counter-0.1.3.tgz#cc7463bd02949611c6329596fccd2b0ec782b0e9"
  integrity sha512-e2BR4lsJkkRlKZ/qCHPw9ZaSxc0MVUd7gtbtaB7aMvHeJVYe8sOB8DBZkP2DtISHGSku9sCK6T6cnY0CtXrOCQ==

"@swc/types@^0.1.5":
  version "0.1.5"
  resolved "https://registry.yarnpkg.com/@swc/types/-/types-0.1.5.tgz#043b731d4f56a79b4897a3de1af35e75d56bc63a"
  integrity sha512-myfUej5naTBWnqOCc/MdVOLVjXUXtIA+NpDrDBKJtLLg2shUjBu3cZmB/85RyitKc55+lUUyl7oRfLOvkr2hsw==

"@types/estree@1.0.5":
  version "1.0.5"
  resolved "https://registry.yarnpkg.com/@types/estree/-/estree-1.0.5.tgz#a6ce3e556e00fd9895dd872dd172ad0d4bd687f4"
  integrity sha512-/kYRxGDLWzHOB7q+wtSUQlFrtcdUccpfy+X+9iMBpHK8QLLhx2wIPYuS5DYtR9Wa/YlZAbIovy7qVdB1Aq6Lyw==

braces@^3.0.3:
  version "3.0.3"
  resolved "https://registry.yarnpkg.com/braces/-/braces-3.0.3.tgz#490332f40919452272d55a8480adc0c441358789"
  integrity sha512-yQbXgO/OSZVD2IsiLlro+7Hf6Q18EJrKSEsdoMzKePKXct3gvD8oLcOQdIzGupr5Fj+EDe8gO/lxc1BzfMpxvA==
  dependencies:
    fill-range "^7.1.1"

esbuild@^0.20.1:
  version "0.20.2"
  resolved "https://registry.yarnpkg.com/esbuild/-/esbuild-0.20.2.tgz#9d6b2386561766ee6b5a55196c6d766d28c87ea1"
  integrity sha512-WdOOppmUNU+IbZ0PaDiTst80zjnrOkyJNHoKupIcVyU8Lvla3Ugx94VzkQ32Ijqd7UhHJy75gNWDMUekcrSJ6g==
  optionalDependencies:
    "@esbuild/aix-ppc64" "0.20.2"
    "@esbuild/android-arm" "0.20.2"
    "@esbuild/android-arm64" "0.20.2"
    "@esbuild/android-x64" "0.20.2"
    "@esbuild/darwin-arm64" "0.20.2"
    "@esbuild/darwin-x64" "0.20.2"
    "@esbuild/freebsd-arm64" "0.20.2"
    "@esbuild/freebsd-x64" "0.20.2"
    "@esbuild/linux-arm" "0.20.2"
    "@esbuild/linux-arm64" "0.20.2"
    "@esbuild/linux-ia32" "0.20.2"
    "@esbuild/linux-loong64" "0.20.2"
    "@esbuild/linux-mips64el" "0.20.2"
    "@esbuild/linux-ppc64" "0.20.2"
    "@esbuild/linux-riscv64" "0.20.2"
    "@esbuild/linux-s390x" "0.20.2"
    "@esbuild/linux-x64" "0.20.2"
    "@esbuild/netbsd-x64" "0.20.2"
    "@esbuild/openbsd-x64" "0.20.2"
    "@esbuild/sunos-x64" "0.20.2"
    "@esbuild/win32-arm64" "0.20.2"
    "@esbuild/win32-ia32" "0.20.2"
    "@esbuild/win32-x64" "0.20.2"

fill-range@^7.1.1:
  version "7.1.1"
  resolved "https://registry.yarnpkg.com/fill-range/-/fill-range-7.1.1.tgz#44265d3cac07e3ea7dc247516380643754a05292"
  integrity sha512-YsGpe3WHLK8ZYi4tWDg2Jy3ebRz2rXowDxnld4bkQB00cc/1Zw9AWnC0i9ztDJitivtQvaI9KaLyKrc+hBW0yg==
  dependencies:
    to-regex-range "^5.0.1"

fsevents@~2.3.2, fsevents@~2.3.3:
  version "2.3.3"
  resolved "https://registry.yarnpkg.com/fsevents/-/fsevents-2.3.3.tgz#cac6407785d03675a2a5e1a5305c697b347d90d6"
  integrity sha512-5xoDfX+fL7faATnagmWPpbFtwh/R77WmMMqqHGS65C3vvB0YHrgF+B1YmZ3441tMj5n63k0212XNoJwzlhffQw==

is-number@^7.0.0:
  version "7.0.0"
  resolved "https://registry.yarnpkg.com/is-number/-/is-number-7.0.0.tgz#7535345b896734d5f80c4d06c50955527a14f12b"
  integrity sha512-41Cifkg6e8TylSpdtTpeLVMqvSBEVzTttHvERD741+pnZ8ANv0004MRL43QKPDlK9cGvNp6NZWZUBlbGXYxxng==

micromatch@^4.0.5:
  version "4.0.7"
  resolved "https://registry.yarnpkg.com/micromatch/-/micromatch-4.0.7.tgz#33e8190d9fe474a9895525f5618eee136d46c2e5"
  integrity sha512-LPP/3KorzCwBxfeUuZmaR6bG2kdeHSbe0P2tY3FLRU4vYrjYz5hI4QZwV0njUx3jeuKe67YukQ1LSPZBKDqO/Q==
  dependencies:
    braces "^3.0.3"
    picomatch "^2.3.1"

nanoid@^3.3.7:
  version "3.3.7"
  resolved "https://registry.yarnpkg.com/nanoid/-/nanoid-3.3.7.tgz#d0c301a691bc8d54efa0a2226ccf3fe2fd656bd8"
  integrity sha512-eSRppjcPIatRIMC1U6UngP8XFcz8MQWGQdt1MTBQ7NaAmvXDfvNxbvWV3x2y6CdEUciCSsDHDQZbhYaB8QEo2g==

picocolors@^1.0.0:
  version "1.0.0"
  resolved "https://registry.yarnpkg.com/picocolors/-/picocolors-1.0.0.tgz#cb5bdc74ff3f51892236eaf79d68bc44564ab81c"
  integrity sha512-1fygroTLlHu66zi26VoTDv8yRgm0Fccecssto+MhsZ0D/DGW2sm8E8AjW7NU5VVTRt5GxbeZ5qBuJr+HyLYkjQ==

picomatch@^2.3.1:
  version "2.3.1"
  resolved "https://registry.yarnpkg.com/picomatch/-/picomatch-2.3.1.tgz#3ba3833733646d9d3e4995946c1365a67fb07a42"
  integrity sha512-JU3teHTNjmE2VCGFzuY8EXzCDVwEqB2a8fsIvwaStHhAWJEeVd1o1QD80CU6+ZdEXXSLbSsuLwJjkCBWqRQUVA==

postcss@^8.4.38:
  version "8.4.38"
  resolved "https://registry.yarnpkg.com/postcss/-/postcss-8.4.38.tgz#b387d533baf2054288e337066d81c6bee9db9e0e"
  integrity sha512-Wglpdk03BSfXkHoQa3b/oulrotAkwrlLDRSOb9D0bN86FdRyE9lppSp33aHNPgBa0JKCoB+drFLZkQoRRYae5A==
  dependencies:
    nanoid "^3.3.7"
    picocolors "^1.0.0"
    source-map-js "^1.2.0"

rollup@^4.13.0:
  version "4.18.0"
  resolved "https://registry.yarnpkg.com/rollup/-/rollup-4.18.0.tgz#497f60f0c5308e4602cf41136339fbf87d5f5dda"
  integrity sha512-QmJz14PX3rzbJCN1SG4Xe/bAAX2a6NpCP8ab2vfu2GiUr8AQcr2nCV/oEO3yneFarB67zk8ShlIyWb2LGTb3Sg==
  dependencies:
    "@types/estree" "1.0.5"
  optionalDependencies:
    "@rollup/rollup-android-arm-eabi" "4.18.0"
    "@rollup/rollup-android-arm64" "4.18.0"
    "@rollup/rollup-darwin-arm64" "4.18.0"
    "@rollup/rollup-darwin-x64" "4.18.0"
    "@rollup/rollup-linux-arm-gnueabihf" "4.18.0"
    "@rollup/rollup-linux-arm-musleabihf" "4.18.0"
    "@rollup/rollup-linux-arm64-gnu" "4.18.0"
    "@rollup/rollup-linux-arm64-musl" "4.18.0"
    "@rollup/rollup-linux-powerpc64le-gnu" "4.18.0"
    "@rollup/rollup-linux-riscv64-gnu" "4.18.0"
    "@rollup/rollup-linux-s390x-gnu" "4.18.0"
    "@rollup/rollup-linux-x64-gnu" "4.18.0"
    "@rollup/rollup-linux-x64-musl" "4.18.0"
    "@rollup/rollup-win32-arm64-msvc" "4.18.0"
    "@rollup/rollup-win32-ia32-msvc" "4.18.0"
    "@rollup/rollup-win32-x64-msvc" "4.18.0"
    fsevents "~2.3.2"

source-map-js@^1.2.0:
  version "1.2.0"
  resolved "https://registry.yarnpkg.com/source-map-js/-/source-map-js-1.2.0.tgz#16b809c162517b5b8c3e7dcd315a2a5c2612b2af"
  integrity sha512-itJW8lvSA0TXEphiRoawsCksnlf8SyvmFzIhltqAHluXd88pkCd+cXJVHTDwdCr0IzwptSm035IHQktUu1QUMg==

to-regex-range@^5.0.1:
  version "5.0.1"
  resolved "https://registry.yarnpkg.com/to-regex-range/-/to-regex-range-5.0.1.tgz#1648c44aae7c8d988a326018ed72f5b4dd0392e4"
  integrity sha512-65P7iz6X5yEr1cwcgvQxbbIw7Uk3gOy5dIdtZ4rDveLqhrdJP+Li/Hx6tyK0NEb+2GCyneCMJiGqrADCSNk8sQ==
  dependencies:
    is-number "^7.0.0"

typescript@^5.4.5:
  version "5.4.5"
  resolved "https://registry.yarnpkg.com/typescript/-/typescript-5.4.5.tgz#42ccef2c571fdbd0f6718b1d1f5e6e5ef006f611"
  integrity sha512-vcI4UpRgg81oIRUFwR0WSIHKt11nJ7SAVlYNIu+QpqeyXP+gpQJy/Z4+F0aGxSE4MqwjyXvW/TzgkLAx2AGHwQ==

"typstyle@file:../pkg":
  version "0.11.13"

uuid@^9.0.1:
  version "9.0.1"
  resolved "https://registry.yarnpkg.com/uuid/-/uuid-9.0.1.tgz#e188d4c8853cc722220392c424cd637f32293f30"
  integrity sha512-b+1eJOlsR9K8HJpow9Ok3fiWOWSIcIzXodvv0rQjVoOVNpWMpxf1wZNpt4y9h10odCNrqnYp1OBzRktckBe3sA==

vanjs-core@^1.5.0:
  version "1.5.0"
  resolved "https://registry.yarnpkg.com/vanjs-core/-/vanjs-core-1.5.0.tgz#e5d4280c12c1fd81b2b0ff661899c81dbde1467b"
  integrity sha512-kOM9XVOciL9Q3Ihn3ruycTL5NCvuR5Ub7wwQIU9sZJdMBWSxesbeyN3+PWceLz57ImgHTF0eOVvhkoKJLlE3hw==

vite-plugin-singlefile@^2.0.1:
  version "2.0.1"
  resolved "https://registry.yarnpkg.com/vite-plugin-singlefile/-/vite-plugin-singlefile-2.0.1.tgz#04c0ffdb54a83e236c54f199d5ce07130a2d4d32"
  integrity sha512-J74tfN6TE4fz0Hp7E1+dmVTmCpyazv4yuIpR6jd22Kq76d2CQDSQx3wDiHX8LT02f922V+YrLhRq2VIk/UYrig==
  dependencies:
    micromatch "^4.0.5"

vite-plugin-top-level-await@^1.4.1:
  version "1.4.1"
  resolved "https://registry.yarnpkg.com/vite-plugin-top-level-await/-/vite-plugin-top-level-await-1.4.1.tgz#607dfe084157550fa33df18062b99ceea774cd9c"
  integrity sha512-hogbZ6yT7+AqBaV6lK9JRNvJDn4/IJvHLu6ET06arNfo0t2IsyCaon7el9Xa8OumH+ESuq//SDf8xscZFE0rWw==
  dependencies:
    "@rollup/plugin-virtual" "^3.0.2"
    "@swc/core" "^1.3.100"
    uuid "^9.0.1"

vite-plugin-wasm@^3.3.0:
  version "3.3.0"
  resolved "https://registry.yarnpkg.com/vite-plugin-wasm/-/vite-plugin-wasm-3.3.0.tgz#2908ef2529bf8f33f4e549c8c6fda26ad273ca15"
  integrity sha512-tVhz6w+W9MVsOCHzxo6SSMSswCeIw4HTrXEi6qL3IRzATl83jl09JVO1djBqPSwfjgnpVHNLYcaMbaDX5WB/pg==

vite@^5.2.13:
  version "5.2.13"
  resolved "https://registry.yarnpkg.com/vite/-/vite-5.2.13.tgz#945ababcbe3d837ae2479c29f661cd20bc5e1a80"
  integrity sha512-SSq1noJfY9pR3I1TUENL3rQYDQCFqgD+lM6fTRAM8Nv6Lsg5hDLaXkjETVeBt+7vZBCMoibD+6IWnT2mJ+Zb/A==
  dependencies:
    esbuild "^0.20.1"
    postcss "^8.4.38"
    rollup "^4.13.0"
  optionalDependencies:
    fsevents "~2.3.3"
